// !$*UTF8*$!
{
	archiveVersion = 1;
	classes = {
	};
	objectVersion = 50;
	objects = {

/* Begin PBXBuildFile section */
		8B4FDD1B237D630100EBF051 /* AppDelegate.swift in Sources */ = {isa = PBXBuildFile; fileRef = 8B4FDD1A237D630100EBF051 /* AppDelegate.swift */; };
		8B4FDD1D237D630100EBF051 /* SceneDelegate.swift in Sources */ = {isa = PBXBuildFile; fileRef = 8B4FDD1C237D630100EBF051 /* SceneDelegate.swift */; };
		8B4FDD22237D630100EBF051 /* Main.storyboard in Resources */ = {isa = PBXBuildFile; fileRef = 8B4FDD20237D630100EBF051 /* Main.storyboard */; };
		8B4FDD24237D630500EBF051 /* Assets.xcassets in Resources */ = {isa = PBXBuildFile; fileRef = 8B4FDD23237D630500EBF051 /* Assets.xcassets */; };
		8B4FDD27237D630500EBF051 /* LaunchScreen.storyboard in Resources */ = {isa = PBXBuildFile; fileRef = 8B4FDD25237D630500EBF051 /* LaunchScreen.storyboard */; };
		8B4FDD30237D664D00EBF051 /* BaseTabBarController.swift in Sources */ = {isa = PBXBuildFile; fileRef = 8B4FDD2F237D664D00EBF051 /* BaseTabBarController.swift */; };
		8BDD4C2D237E4FC500978319 /* AppsSearchController.swift in Sources */ = {isa = PBXBuildFile; fileRef = 8BDD4C2C237E4FC500978319 /* AppsSearchController.swift */; };
		8BDD4C30237E548800978319 /* SearchAppCell.swift in Sources */ = {isa = PBXBuildFile; fileRef = 8BDD4C2F237E548800978319 /* SearchAppCell.swift */; };
		8BDD4C35237E5C7D00978319 /* UIView+Layout.swift in Sources */ = {isa = PBXBuildFile; fileRef = 8BDD4C34237E5C7D00978319 /* UIView+Layout.swift */; };
		8BDD4C37237E6D4900978319 /* VerticlStackView.swift in Sources */ = {isa = PBXBuildFile; fileRef = 8BDD4C36237E6D4900978319 /* VerticlStackView.swift */; };
/* End PBXBuildFile section */

/* Begin PBXFileReference section */
		8B4FDD17237D630100EBF051 /* AppStoreJSONAPIs.app */ = {isa = PBXFileReference; explicitFileType = wrapper.application; includeInIndex = 0; path = AppStoreJSONAPIs.app; sourceTree = BUILT_PRODUCTS_DIR; };
		8B4FDD1A237D630100EBF051 /* AppDelegate.swift */ = {isa = PBXFileReference; lastKnownFileType = sourcecode.swift; path = AppDelegate.swift; sourceTree = "<group>"; };
		8B4FDD1C237D630100EBF051 /* SceneDelegate.swift */ = {isa = PBXFileReference; lastKnownFileType = sourcecode.swift; path = SceneDelegate.swift; sourceTree = "<group>"; };
		8B4FDD21237D630100EBF051 /* Base */ = {isa = PBXFileReference; lastKnownFileType = file.storyboard; name = Base; path = Base.lproj/Main.storyboard; sourceTree = "<group>"; };
		8B4FDD23237D630500EBF051 /* Assets.xcassets */ = {isa = PBXFileReference; lastKnownFileType = folder.assetcatalog; path = Assets.xcassets; sourceTree = "<group>"; };
		8B4FDD26237D630500EBF051 /* Base */ = {isa = PBXFileReference; lastKnownFileType = file.storyboard; name = Base; path = Base.lproj/LaunchScreen.storyboard; sourceTree = "<group>"; };
		8B4FDD28237D630500EBF051 /* Info.plist */ = {isa = PBXFileReference; lastKnownFileType = text.plist.xml; path = Info.plist; sourceTree = "<group>"; };
		8B4FDD2F237D664D00EBF051 /* BaseTabBarController.swift */ = {isa = PBXFileReference; lastKnownFileType = sourcecode.swift; path = BaseTabBarController.swift; sourceTree = "<group>"; };
		8BDD4C2C237E4FC500978319 /* AppsSearchController.swift */ = {isa = PBXFileReference; lastKnownFileType = sourcecode.swift; path = AppsSearchController.swift; sourceTree = "<group>"; };
		8BDD4C2F237E548800978319 /* SearchAppCell.swift */ = {isa = PBXFileReference; lastKnownFileType = sourcecode.swift; path = SearchAppCell.swift; sourceTree = "<group>"; };
		8BDD4C34237E5C7D00978319 /* UIView+Layout.swift */ = {isa = PBXFileReference; fileEncoding = 4; lastKnownFileType = sourcecode.swift; path = "UIView+Layout.swift"; sourceTree = "<group>"; };
		8BDD4C36237E6D4900978319 /* VerticlStackView.swift */ = {isa = PBXFileReference; lastKnownFileType = sourcecode.swift; path = VerticlStackView.swift; sourceTree = "<group>"; };
/* End PBXFileReference section */

/* Begin PBXFrameworksBuildPhase section */
		8B4FDD14237D630100EBF051 /* Frameworks */ = {
			isa = PBXFrameworksBuildPhase;
			buildActionMask = 2147483647;
			files = (
			);
			runOnlyForDeploymentPostprocessing = 0;
		};
/* End PBXFrameworksBuildPhase section */

/* Begin PBXGroup section */
		8B4FDD0E237D630100EBF051 = {
			isa = PBXGroup;
			children = (
				8B4FDD19237D630100EBF051 /* AppStoreJSONAPIs */,
				8B4FDD18237D630100EBF051 /* Products */,
			);
			sourceTree = "<group>";
		};
		8B4FDD18237D630100EBF051 /* Products */ = {
			isa = PBXGroup;
			children = (
				8B4FDD17237D630100EBF051 /* AppStoreJSONAPIs.app */,
			);
			name = Products;
			sourceTree = "<group>";
		};
		8B4FDD19237D630100EBF051 /* AppStoreJSONAPIs */ = {
			isa = PBXGroup;
			children = (
				8B4FDD1A237D630100EBF051 /* AppDelegate.swift */,
				8B4FDD1C237D630100EBF051 /* SceneDelegate.swift */,
				8BDD4C2E237E546100978319 /* Views */,
				8B4FDD2E237D65FA00EBF051 /* Controllers */,
				8BDD4C31237E563E00978319 /* Utilities */,
				8B4FDD20237D630100EBF051 /* Main.storyboard */,
				8B4FDD23237D630500EBF051 /* Assets.xcassets */,
				8B4FDD25237D630500EBF051 /* LaunchScreen.storyboard */,
				8B4FDD28237D630500EBF051 /* Info.plist */,
			);
			path = AppStoreJSONAPIs;
			sourceTree = "<group>";
		};
		8B4FDD2E237D65FA00EBF051 /* Controllers */ = {
			isa = PBXGroup;
			children = (
				8B4FDD2F237D664D00EBF051 /* BaseTabBarController.swift */,
				8BDD4C2C237E4FC500978319 /* AppsSearchController.swift */,
			);
			path = Controllers;
			sourceTree = "<group>";
		};
		8BDD4C2E237E546100978319 /* Views */ = {
			isa = PBXGroup;
			children = (
				8BDD4C2F237E548800978319 /* SearchAppCell.swift */,
			);
			path = Views;
			sourceTree = "<group>";
		};
		8BDD4C31237E563E00978319 /* Utilities */ = {
			isa = PBXGroup;
			children = (
				8BDD4C34237E5C7D00978319 /* UIView+Layout.swift */,
				8BDD4C36237E6D4900978319 /* VerticlStackView.swift */,
			);
			path = Utilities;
			sourceTree = "<group>";
		};
/* End PBXGroup section */

/* Begin PBXNativeTarget section */
		8B4FDD16237D630100EBF051 /* AppStoreJSONAPIs */ = {
			isa = PBXNativeTarget;
			buildConfigurationList = 8B4FDD2B237D630500EBF051 /* Build configuration list for PBXNativeTarget "AppStoreJSONAPIs" */;
			buildPhases = (
				8B4FDD13237D630100EBF051 /* Sources */,
				8B4FDD14237D630100EBF051 /* Frameworks */,
				8B4FDD15237D630100EBF051 /* Resources */,
			);
			buildRules = (
			);
			dependencies = (
			);
			name = AppStoreJSONAPIs;
			productName = AppStoreJSONAPIs;
			productReference = 8B4FDD17237D630100EBF051 /* AppStoreJSONAPIs.app */;
			productType = "com.apple.product-type.application";
		};
/* End PBXNativeTarget section */

/* Begin PBXProject section */
		8B4FDD0F237D630100EBF051 /* Project object */ = {
			isa = PBXProject;
			attributes = {
				LastSwiftUpdateCheck = 1120;
				LastUpgradeCheck = 1120;
				ORGANIZATIONNAME = "Avisa Poshtkouhi";
				TargetAttributes = {
					8B4FDD16237D630100EBF051 = {
						CreatedOnToolsVersion = 11.2.1;
					};
				};
			};
			buildConfigurationList = 8B4FDD12237D630100EBF051 /* Build configuration list for PBXProject "AppStoreJSONAPIs" */;
			compatibilityVersion = "Xcode 9.3";
			developmentRegion = en;
			hasScannedForEncodings = 0;
			knownRegions = (
				en,
				Base,
			);
			mainGroup = 8B4FDD0E237D630100EBF051;
			productRefGroup = 8B4FDD18237D630100EBF051 /* Products */;
			projectDirPath = "";
			projectRoot = "";
			targets = (
				8B4FDD16237D630100EBF051 /* AppStoreJSONAPIs */,
			);
		};
/* End PBXProject section */

/* Begin PBXResourcesBuildPhase section */
		8B4FDD15237D630100EBF051 /* Resources */ = {
			isa = PBXResourcesBuildPhase;
			buildActionMask = 2147483647;
			files = (
				8B4FDD27237D630500EBF051 /* LaunchScreen.storyboard in Resources */,
				8B4FDD24237D630500EBF051 /* Assets.xcassets in Resources */,
				8B4FDD22237D630100EBF051 /* Main.storyboard in Resources */,
			);
			runOnlyForDeploymentPostprocessing = 0;
		};
/* End PBXResourcesBuildPhase section */

/* Begin PBXSourcesBuildPhase section */
		8B4FDD13237D630100EBF051 /* Sources */ = {
			isa = PBXSourcesBuildPhase;
			buildActionMask = 2147483647;
			files = (
				8B4FDD30237D664D00EBF051 /* BaseTabBarController.swift in Sources */,
				8BDD4C37237E6D4900978319 /* VerticlStackView.swift in Sources */,
				8B4FDD1B237D630100EBF051 /* AppDelegate.swift in Sources */,
				8B4FDD1D237D630100EBF051 /* SceneDelegate.swift in Sources */,
				8BDD4C30237E548800978319 /* SearchAppCell.swift in Sources */,
				8BDD4C35237E5C7D00978319 /* UIView+Layout.swift in Sources */,
				8BDD4C2D237E4FC500978319 /* AppsSearchController.swift in Sources */,
			);
			runOnlyForDeploymentPostprocessing = 0;
		};
/* End PBXSourcesBuildPhase section */

/* Begin PBXVariantGroup section */
		8B4FDD20237D630100EBF051 /* Main.storyboard */ = {
			isa = PBXVariantGroup;
			children = (
				8B4FDD21237D630100EBF051 /* Base */,
			);
			name = Main.storyboard;
			sourceTree = "<group>";
		};
		8B4FDD25237D630500EBF051 /* LaunchScreen.storyboard */ = {
			isa = PBXVariantGroup;
			children = (
				8B4FDD26237D630500EBF051 /* Base */,
			);
			name = LaunchScreen.storyboard;
			sourceTree = "<group>";
		};
/* End PBXVariantGroup section */

/* Begin XCBuildConfiguration section */
		8B4FDD29237D630500EBF051 /* Debug */ = {
			isa = XCBuildConfiguration;
			buildSettings = {
				ALWAYS_SEARCH_USER_PATHS = NO;
				CLANG_ANALYZER_NONNULL = YES;
				CLANG_ANALYZER_NUMBER_OBJECT_CONVERSION = YES_AGGRESSIVE;
				CLANG_CXX_LANGUAGE_STANDARD = "gnu++14";
				CLANG_CXX_LIBRARY = "libc++";
				CLANG_ENABLE_MODULES = YES;
				CLANG_ENABLE_OBJC_ARC = YES;
				CLANG_ENABLE_OBJC_WEAK = YES;
				CLANG_WARN_BLOCK_CAPTURE_AUTORELEASING = YES;
				CLANG_WARN_BOOL_CONVERSION = YES;
				CLANG_WARN_COMMA = YES;
				CLANG_WARN_CONSTANT_CONVERSION = YES;
				CLANG_WARN_DEPRECATED_OBJC_IMPLEMENTATIONS = YES;
				CLANG_WARN_DIRECT_OBJC_ISA_USAGE = YES_ERROR;
				CLANG_WARN_DOCUMENTATION_COMMENTS = YES;
				CLANG_WARN_EMPTY_BODY = YES;
				CLANG_WARN_ENUM_CONVERSION = YES;
				CLANG_WARN_INFINITE_RECURSION = YES;
				CLANG_WARN_INT_CONVERSION = YES;
				CLANG_WARN_NON_LITERAL_NULL_CONVERSION = YES;
				CLANG_WARN_OBJC_IMPLICIT_RETAIN_SELF = YES;
				CLANG_WARN_OBJC_LITERAL_CONVERSION = YES;
				CLANG_WARN_OBJC_ROOT_CLASS = YES_ERROR;
				CLANG_WARN_RANGE_LOOP_ANALYSIS = YES;
				CLANG_WARN_STRICT_PROTOTYPES = YES;
				CLANG_WARN_SUSPICIOUS_MOVE = YES;
				CLANG_WARN_UNGUARDED_AVAILABILITY = YES_AGGRESSIVE;
				CLANG_WARN_UNREACHABLE_CODE = YES;
				CLANG_WARN__DUPLICATE_METHOD_MATCH = YES;
				COPY_PHASE_STRIP = NO;
				DEBUG_INFORMATION_FORMAT = dwarf;
				ENABLE_STRICT_OBJC_MSGSEND = YES;
				ENABLE_TESTABILITY = YES;
				GCC_C_LANGUAGE_STANDARD = gnu11;
				GCC_DYNAMIC_NO_PIC = NO;
				GCC_NO_COMMON_BLOCKS = YES;
				GCC_OPTIMIZATION_LEVEL = 0;
				GCC_PREPROCESSOR_DEFINITIONS = (
					"DEBUG=1",
					"$(inherited)",
				);
				GCC_WARN_64_TO_32_BIT_CONVERSION = YES;
				GCC_WARN_ABOUT_RETURN_TYPE = YES_ERROR;
				GCC_WARN_UNDECLARED_SELECTOR = YES;
				GCC_WARN_UNINITIALIZED_AUTOS = YES_AGGRESSIVE;
				GCC_WARN_UNUSED_FUNCTION = YES;
				GCC_WARN_UNUSED_VARIABLE = YES;
				IPHONEOS_DEPLOYMENT_TARGET = 13.2;
				MTL_ENABLE_DEBUG_INFO = INCLUDE_SOURCE;
				MTL_FAST_MATH = YES;
				ONLY_ACTIVE_ARCH = YES;
				SDKROOT = iphoneos;
				SWIFT_ACTIVE_COMPILATION_CONDITIONS = DEBUG;
				SWIFT_OPTIMIZATION_LEVEL = "-Onone";
			};
			name = Debug;
		};
		8B4FDD2A237D630500EBF051 /* Release */ = {
			isa = XCBuildConfiguration;
			buildSettings = {
				ALWAYS_SEARCH_USER_PATHS = NO;
				CLANG_ANALYZER_NONNULL = YES;
				CLANG_ANALYZER_NUMBER_OBJECT_CONVERSION = YES_AGGRESSIVE;
				CLANG_CXX_LANGUAGE_STANDARD = "gnu++14";
				CLANG_CXX_LIBRARY = "libc++";
				CLANG_ENABLE_MODULES = YES;
				CLANG_ENABLE_OBJC_ARC = YES;
				CLANG_ENABLE_OBJC_WEAK = YES;
				CLANG_WARN_BLOCK_CAPTURE_AUTORELEASING = YES;
				CLANG_WARN_BOOL_CONVERSION = YES;
				CLANG_WARN_COMMA = YES;
				CLANG_WARN_CONSTANT_CONVERSION = YES;
				CLANG_WARN_DEPRECATED_OBJC_IMPLEMENTATIONS = YES;
				CLANG_WARN_DIRECT_OBJC_ISA_USAGE = YES_ERROR;
				CLANG_WARN_DOCUMENTATION_COMMENTS = YES;
				CLANG_WARN_EMPTY_BODY = YES;
				CLANG_WARN_ENUM_CONVERSION = YES;
				CLANG_WARN_INFINITE_RECURSION = YES;
				CLANG_WARN_INT_CONVERSION = YES;
				CLANG_WARN_NON_LITERAL_NULL_CONVERSION = YES;
				CLANG_WARN_OBJC_IMPLICIT_RETAIN_SELF = YES;
				CLANG_WARN_OBJC_LITERAL_CONVERSION = YES;
				CLANG_WARN_OBJC_ROOT_CLASS = YES_ERROR;
				CLANG_WARN_RANGE_LOOP_ANALYSIS = YES;
				CLANG_WARN_STRICT_PROTOTYPES = YES;
				CLANG_WARN_SUSPICIOUS_MOVE = YES;
				CLANG_WARN_UNGUARDED_AVAILABILITY = YES_AGGRESSIVE;
				CLANG_WARN_UNREACHABLE_CODE = YES;
				CLANG_WARN__DUPLICATE_METHOD_MATCH = YES;
				COPY_PHASE_STRIP = NO;
				DEBUG_INFORMATION_FORMAT = "dwarf-with-dsym";
				ENABLE_NS_ASSERTIONS = NO;
				ENABLE_STRICT_OBJC_MSGSEND = YES;
				GCC_C_LANGUAGE_STANDARD = gnu11;
				GCC_NO_COMMON_BLOCKS = YES;
				GCC_WARN_64_TO_32_BIT_CONVERSION = YES;
				GCC_WARN_ABOUT_RETURN_TYPE = YES_ERROR;
				GCC_WARN_UNDECLARED_SELECTOR = YES;
				GCC_WARN_UNINITIALIZED_AUTOS = YES_AGGRESSIVE;
				GCC_WARN_UNUSED_FUNCTION = YES;
				GCC_WARN_UNUSED_VARIABLE = YES;
				IPHONEOS_DEPLOYMENT_TARGET = 13.2;
				MTL_ENABLE_DEBUG_INFO = NO;
				MTL_FAST_MATH = YES;
				SDKROOT = iphoneos;
				SWIFT_COMPILATION_MODE = wholemodule;
				SWIFT_OPTIMIZATION_LEVEL = "-O";
				VALIDATE_PRODUCT = YES;
			};
			name = Release;
		};
		8B4FDD2C237D630500EBF051 /* Debug */ = {
			isa = XCBuildConfiguration;
			buildSettings = {
				ASSETCATALOG_COMPILER_APPICON_NAME = AppIcon;
				CODE_SIGN_STYLE = Automatic;
				DEVELOPMENT_TEAM = KPS76U7566;
				INFOPLIST_FILE = AppStoreJSONAPIs/Info.plist;
				LD_RUNPATH_SEARCH_PATHS = (
					"$(inherited)",
					"@executable_path/Frameworks",
				);
				PRODUCT_BUNDLE_IDENTIFIER = com.AvisaPoshtkouhi.AppStoreJSONAPIs;
				PRODUCT_NAME = "$(TARGET_NAME)";
				SWIFT_VERSION = 5.0;
				TARGETED_DEVICE_FAMILY = "1,2";
			};
			name = Debug;
		};
		8B4FDD2D237D630500EBF051 /* Release */ = {
			isa = XCBuildConfiguration;
			buildSettings = {
				ASSETCATALOG_COMPILER_APPICON_NAME = AppIcon;
				CODE_SIGN_STYLE = Automatic;
				DEVELOPMENT_TEAM = KPS76U7566;
				INFOPLIST_FILE = AppStoreJSONAPIs/Info.plist;
				LD_RUNPATH_SEARCH_PATHS = (
					"$(inherited)",
					"@executable_path/Frameworks",
				);
				PRODUCT_BUNDLE_IDENTIFIER = com.AvisaPoshtkouhi.AppStoreJSONAPIs;
				PRODUCT_NAME = "$(TARGET_NAME)";
				SWIFT_VERSION = 5.0;
				TARGETED_DEVICE_FAMILY = "1,2";
			};
			name = Release;
		};
/* End XCBuildConfiguration section */

/* Begin XCConfigurationList section */
		8B4FDD12237D630100EBF051 /* Build configuration list for PBXProject "AppStoreJSONAPIs" */ = {
			isa = XCConfigurationList;
			buildConfigurations = (
				8B4FDD29237D630500EBF051 /* Debug */,
				8B4FDD2A237D630500EBF051 /* Release */,
			);
			defaultConfigurationIsVisible = 0;
			defaultConfigurationName = Release;
		};
		8B4FDD2B237D630500EBF051 /* Build configuration list for PBXNativeTarget "AppStoreJSONAPIs" */ = {
			isa = XCConfigurationList;
			buildConfigurations = (
				8B4FDD2C237D630500EBF051 /* Debug */,
				8B4FDD2D237D630500EBF051 /* Release */,
			);
			defaultConfigurationIsVisible = 0;
			defaultConfigurationName = Release;
		};
/* End XCConfigurationList section */
	};
	rootObject = 8B4FDD0F237D630100EBF051 /* Project object */;
}
